{
  "name": "razlogator-bot",
  "version": "1.0.0",
  "lockfileVersion": 1,
  "requires": true,
  "dependencies": {
    "@types/node": {
      "version": "12.0.8",
      "resolved": "https://registry.npmjs.org/@types/node/-/node-12.0.8.tgz",
      "integrity": "sha512-b8bbUOTwzIY3V5vDTY1fIJ+ePKDUBqt2hC2woVGotdQQhG/2Sh62HOKHrT7ab+VerXAcPyAiTEipPu/FsreUtg=="
    },
    "debug": {
      "version": "4.1.1",
      "resolved": "https://registry.npmjs.org/debug/-/debug-4.1.1.tgz",
      "integrity": "sha512-pYAIzeRo8J6KPEaJ0VWOh5Pzkbw/RetuzehGM7QRRX5he4fPHx2rdKMB256ehJCkX+XRQm16eZLqLNS8RSZXZw==",
      "requires": {
        "ms": "^2.1.1"
      }
    },
    "dotenv": {
      "version": "8.0.0",
      "resolved": "https://registry.npmjs.org/dotenv/-/dotenv-8.0.0.tgz",
      "integrity": "sha512-30xVGqjLjiUOArT4+M5q9sYdvuR4riM6yK9wMcas9Vbp6zZa+ocC9dp6QoftuhTPhFAiLK/0C5Ni2nou/Bk8lg=="
    },
    "ip-address": {
      "version": "5.8.9",
      "resolved": "https://registry.npmjs.org/ip-address/-/ip-address-5.8.9.tgz",
      "integrity": "sha512-7ay355oMN34iXhET1BmCJVsHjOTSItEEIIpOs38qUC23AIhOy+xIPnkrTuEFjeLMrTJ7m8KMXWgWfy/2Vn9sDw==",
      "requires": {
        "jsbn": "1.1.0",
        "lodash.find": "^4.6.0",
        "lodash.max": "^4.0.1",
        "lodash.merge": "^4.6.0",
        "lodash.padstart": "^4.6.1",
        "lodash.repeat": "^4.1.0",
        "sprintf-js": "1.1.0"
      }
    },
    "jsbn": {
      "version": "1.1.0",
      "resolved": "https://registry.npmjs.org/jsbn/-/jsbn-1.1.0.tgz",
      "integrity": "sha1-sBMHyym2GKHtJux56RH4A8TaAEA="
    },
    "lodash.find": {
      "version": "4.6.0",
      "resolved": "https://registry.npmjs.org/lodash.find/-/lodash.find-4.6.0.tgz",
      "integrity": "sha1-ywcE1Hq3F4n/oN6Ll92Sb7iLE7E="
    },
    "lodash.max": {
      "version": "4.0.1",
      "resolved": "https://registry.npmjs.org/lodash.max/-/lodash.max-4.0.1.tgz",
      "integrity": "sha1-hzVWbGGLNan3YFILSHrnllivE2o="
    },
    "lodash.merge": {
      "version": "4.6.2",
      "resolved": "https://registry.npmjs.org/lodash.merge/-/lodash.merge-4.6.2.tgz",
      "integrity": "sha512-0KpjqXRVvrYyCsX1swR/XTK0va6VQkQM6MNo7PqW77ByjAhoARA8EfrP1N4+KlKj8YS0ZUCtRT/YUuhyYDujIQ=="
    },
    "lodash.padstart": {
      "version": "4.6.1",
      "resolved": "https://registry.npmjs.org/lodash.padstart/-/lodash.padstart-4.6.1.tgz",
      "integrity": "sha1-0uPuv/DZ05rVD1y9G1KnvOa7YRs="
    },
    "lodash.repeat": {
      "version": "4.1.0",
      "resolved": "https://registry.npmjs.org/lodash.repeat/-/lodash.repeat-4.1.0.tgz",
      "integrity": "sha1-/H3oEx2MisB+S0n3T/6CnR8r7EQ="
    },
    "ms": {
      "version": "2.1.2",
      "resolved": "https://registry.npmjs.org/ms/-/ms-2.1.2.tgz",
      "integrity": "sha512-sGkPx+VjMtmA6MX27oA4FBFELFCZZ4S4XqeGOXCv68tT+jb3vk/RyaKWP0PTKyWtmLSM0b+adUTEvbs1PEaH2w=="
    },
    "node-fetch": {
      "version": "2.6.0",
      "resolved": "https://registry.npmjs.org/node-fetch/-/node-fetch-2.6.0.tgz",
      "integrity": "sha512-8dG4H5ujfvFiqDmVu9fQ5bOHUC15JMjMY/Zumv26oOvvVJjM67KF8koCWIabKQ1GJIa9r2mMZscBq/TbdOcmNA=="
    },
    "sandwich-stream": {
      "version": "2.0.2",
      "resolved": "https://registry.npmjs.org/sandwich-stream/-/sandwich-stream-2.0.2.tgz",
      "integrity": "sha512-jLYV0DORrzY3xaz/S9ydJL6Iz7essZeAfnAavsJ+zsJGZ1MOnsS52yRjU3uF3pJa/lla7+wisp//fxOwOH8SKQ=="
    },
    "socks5-client": {
      "version": "1.2.6",
      "resolved": "https://registry.npmjs.org/socks5-client/-/socks5-client-1.2.6.tgz",
      "integrity": "sha512-6ly0ZYGQaX8vBZvnRnRKT5yixfFEuQVxvYL5UGb7EFarP2d1yoWRJRBVfLKkBK5nOzX862EhhzOYwgZxRARwlQ==",
      "requires": {
        "ip-address": "~5.8.0"
      }
    },
    "socks5-https-client": {
      "version": "1.2.1",
      "resolved": "https://registry.npmjs.org/socks5-https-client/-/socks5-https-client-1.2.1.tgz",
      "integrity": "sha512-FbZ/X/2Xq3DAMhuRA4bnN0jy1QxaPTVPLFvyv6CEj0QDKSTdWp9yRxo1JhqXmWKhPQeJyUMajHJB2UjT43pFcw==",
      "requires": {
        "socks5-client": "~1.2.3"
      }
    },
    "sprintf-js": {
      "version": "1.1.0",
      "resolved": "https://registry.npmjs.org/sprintf-js/-/sprintf-js-1.1.0.tgz",
      "integrity": "sha1-z/yvcC2vZeo5u04PorKZzsGhvkY="
    },
    "telegraf": {
      "version": "3.30.1",
      "resolved": "https://registry.npmjs.org/telegraf/-/telegraf-3.30.1.tgz",
      "integrity": "sha512-XN/3l6ebTvsL6jMzKqkP4Nq26qw76lEd3jlM8vL40yPoA4nlCAoweTVsislS9e0i7bcqTLgr8tj+3zX6vRZAZw==",
      "requires": {
        "@types/node": "^12.0.4",
        "debug": "^4.0.1",
        "node-fetch": "^2.2.0",
        "sandwich-stream": "^2.0.1",
        "telegram-typings": "^3.6.0"
      }
    },
    "telegram-typings": {
      "version": "3.6.1",
      "resolved": "https://registry.npmjs.org/telegram-typings/-/telegram-typings-3.6.1.tgz",
      "integrity": "sha512-njVv1EAhIZnmQVLocZEADYUyqA1WIXuVcDYlsp+mXua/XB0pxx+PKtMSPeZ/EE4wPWTw9h/hA9ASTT6yQelkiw=="
    }
  }
}
